
Microsoft Visual Studio Solution File, Format Version 12.00
# Visual Studio 15
VisualStudioVersion = 15.0.27703.2018
MinimumVisualStudioVersion = 10.0.40219.1
Project("{FAE04EC0-301F-11D3-BF4B-00C04F79EFBC}") = "Yanyitec.Logs", "Yanyitec.Logs\Yanyitec.Logs.csproj", "{B12B59B0-D084-4C82-86BC-81E092AF67BF}"
EndProject
Global
	GlobalSection(SolutionConfigurationPlatforms) = preSolution
		Debug|Any CPU = Debug|Any CPU
		Release|Any CPU = Release|Any CPU
	EndGlobalSection
	GlobalSection(ProjectConfigurationPlatforms) = postSolution
		{B12B59B0-D084-4C82-86BC-81E092AF67BF}.Debug|Any CPU.ActiveCfg = Debug|Any CPU
		{B12B59B0-D084-4C82-86BC-81E092AF67BF}.Debug|Any CPU.Build.0 = Debug|Any CPU
		{B12B59B0-D084-4C82-86BC-81E092AF67BF}.Release|Any CPU.ActiveCfg = Release|Any CPU
		{B12B59B0-D084-4C82-86BC-81E092AF67BF}.Release|Any CPU.Build.0 = Release|Any CPU
	EndGlobalSection
	GlobalSection(SolutionProperties) = preSolution
		HideSolutionNode = FALSE
	EndGlobalSection
	GlobalSection(ExtensibilityGlobals) = postSolution
		SolutionGuid = {93E04F58-5C2C-4712-BF0C-44D1A008843A}
	EndGlobalSection
EndGlobal
